
Microsoft Visual Studio Solution File, Format Version 12.00
# Visual Studio Version 17
VisualStudioVersion = 17.14.36414.22 d17.14
MinimumVisualStudioVersion = 10.0.40219.1
Project("{FAE04EC0-301F-11D3-BF4B-00C04F79EFBC}") = "Day_1", "Day_1\Day_1.csproj", "{5B3552C6-D5BB-4933-94DE-53E5FB2220A1}"
EndProject
Global
	GlobalSection(SolutionConfigurationPlatforms) = preSolution
		Debug|Any CPU = Debug|Any CPU
		Release|Any CPU = Release|Any CPU
	EndGlobalSection
	GlobalSection(ProjectConfigurationPlatforms) = postSolution
		{5B3552C6-D5BB-4933-94DE-53E5FB2220A1}.Debug|Any CPU.ActiveCfg = Debug|Any CPU
		{5B3552C6-D5BB-4933-94DE-53E5FB2220A1}.Debug|Any CPU.Build.0 = Debug|Any CPU
		{5B3552C6-D5BB-4933-94DE-53E5FB2220A1}.Release|Any CPU.ActiveCfg = Release|Any CPU
		{5B3552C6-D5BB-4933-94DE-53E5FB2220A1}.Release|Any CPU.Build.0 = Release|Any CPU
	EndGlobalSection
	GlobalSection(SolutionProperties) = preSolution
		HideSolutionNode = FALSE
	EndGlobalSection
	GlobalSection(ExtensibilityGlobals) = postSolution
		SolutionGuid = {594389C8-09A6-41B0-B34A-2AC567AD1CFF}
	EndGlobalSection
EndGlobal
