
Microsoft Visual Studio Solution File, Format Version 12.00
# Visual Studio Version 17
VisualStudioVersion = 17.14.36121.58 d17.14
MinimumVisualStudioVersion = 10.0.40219.1
Project("{FAE04EC0-301F-11D3-BF4B-00C04F79EFBC}") = "Project.conversion", "Project.conversion\Project.conversion.csproj", "{14C7A2DE-048C-45BF-9B57-037C19274D09}"
EndProject
Global
	GlobalSection(SolutionConfigurationPlatforms) = preSolution
		Debug|Any CPU = Debug|Any CPU
		Release|Any CPU = Release|Any CPU
	EndGlobalSection
	GlobalSection(ProjectConfigurationPlatforms) = postSolution
		{14C7A2DE-048C-45BF-9B57-037C19274D09}.Debug|Any CPU.ActiveCfg = Debug|Any CPU
		{14C7A2DE-048C-45BF-9B57-037C19274D09}.Debug|Any CPU.Build.0 = Debug|Any CPU
		{14C7A2DE-048C-45BF-9B57-037C19274D09}.Release|Any CPU.ActiveCfg = Release|Any CPU
		{14C7A2DE-048C-45BF-9B57-037C19274D09}.Release|Any CPU.Build.0 = Release|Any CPU
	EndGlobalSection
	GlobalSection(SolutionProperties) = preSolution
		HideSolutionNode = FALSE
	EndGlobalSection
	GlobalSection(ExtensibilityGlobals) = postSolution
		SolutionGuid = {E697F88D-E142-441E-AC82-8910340BF9B6}
	EndGlobalSection
EndGlobal
