
Microsoft Visual Studio Solution File, Format Version 12.00
# Visual Studio Version 17
VisualStudioVersion = 17.14.36121.58 d17.14
MinimumVisualStudioVersion = 10.0.40219.1
Project("{FAE04EC0-301F-11D3-BF4B-00C04F79EFBC}") = "Library.management", "Library.management\Library.management.csproj", "{0C4409F2-0D94-4EB7-9167-CD0BCEF5F67D}"
EndProject
Global
	GlobalSection(SolutionConfigurationPlatforms) = preSolution
		Debug|Any CPU = Debug|Any CPU
		Release|Any CPU = Release|Any CPU
	EndGlobalSection
	GlobalSection(ProjectConfigurationPlatforms) = postSolution
		{0C4409F2-0D94-4EB7-9167-CD0BCEF5F67D}.Debug|Any CPU.ActiveCfg = Debug|Any CPU
		{0C4409F2-0D94-4EB7-9167-CD0BCEF5F67D}.Debug|Any CPU.Build.0 = Debug|Any CPU
		{0C4409F2-0D94-4EB7-9167-CD0BCEF5F67D}.Release|Any CPU.ActiveCfg = Release|Any CPU
		{0C4409F2-0D94-4EB7-9167-CD0BCEF5F67D}.Release|Any CPU.Build.0 = Release|Any CPU
	EndGlobalSection
	GlobalSection(SolutionProperties) = preSolution
		HideSolutionNode = FALSE
	EndGlobalSection
	GlobalSection(ExtensibilityGlobals) = postSolution
		SolutionGuid = {B8C5C39E-CA4D-4C1B-8425-275004B6F08F}
	EndGlobalSection
EndGlobal
