
Microsoft Visual Studio Solution File, Format Version 12.00
# Visual Studio Version 17
VisualStudioVersion = 17.14.36221.1 d17.14
MinimumVisualStudioVersion = 10.0.40219.1
Project("{FAE04EC0-301F-11D3-BF4B-00C04F79EFBC}") = "assignment_seven", "assignment_seven\assignment_seven.csproj", "{C46BED81-3D81-4963-B432-964A75586332}"
EndProject
Global
	GlobalSection(SolutionConfigurationPlatforms) = preSolution
		Debug|Any CPU = Debug|Any CPU
		Release|Any CPU = Release|Any CPU
	EndGlobalSection
	GlobalSection(ProjectConfigurationPlatforms) = postSolution
		{C46BED81-3D81-4963-B432-964A75586332}.Debug|Any CPU.ActiveCfg = Debug|Any CPU
		{C46BED81-3D81-4963-B432-964A75586332}.Debug|Any CPU.Build.0 = Debug|Any CPU
		{C46BED81-3D81-4963-B432-964A75586332}.Release|Any CPU.ActiveCfg = Release|Any CPU
		{C46BED81-3D81-4963-B432-964A75586332}.Release|Any CPU.Build.0 = Release|Any CPU
	EndGlobalSection
	GlobalSection(SolutionProperties) = preSolution
		HideSolutionNode = FALSE
	EndGlobalSection
	GlobalSection(ExtensibilityGlobals) = postSolution
		SolutionGuid = {64A56681-D4D5-4330-B9EE-654643C57789}
	EndGlobalSection
EndGlobal
