
Microsoft Visual Studio Solution File, Format Version 12.00
# Visual Studio Version 17
VisualStudioVersion = 17.14.36121.58
MinimumVisualStudioVersion = 10.0.40219.1
Project("{FAE04EC0-301F-11D3-BF4B-00C04F79EFBC}") = "Assisment.Student", "Assisment.Student\Assisment.Student.csproj", "{E601183C-9FEB-4C39-BD26-DC6EFD507BA2}"
EndProject
Project("{FAE04EC0-301F-11D3-BF4B-00C04F79EFBC}") = "Assisment.Entity", "Assisment.Entity\Assisment.Entity.csproj", "{5D4767B5-7012-44B5-B7B2-61FD4145DDFB}"
EndProject
Project("{FAE04EC0-301F-11D3-BF4B-00C04F79EFBC}") = "Assisment.Contract", "Assisment.Contract\Assisment.Contract.csproj", "{E29A9278-A717-499C-9E0B-CD925624910D}"
EndProject
Project("{FAE04EC0-301F-11D3-BF4B-00C04F79EFBC}") = "Assisment.Infrastructure", "Assisment.Infrastructure\Assisment.Infrastructure.csproj", "{ED2CE898-F3EA-42AA-8D48-F92551FF938E}"
EndProject
Project("{FAE04EC0-301F-11D3-BF4B-00C04F79EFBC}") = "Assisment.Application", "Assisment.Application\Assisment.Application.csproj", "{F947BA64-FD26-4A10-81AE-2EF018A62FAB}"
EndProject
Project("{FAE04EC0-301F-11D3-BF4B-00C04F79EFBC}") = "AssismentStudent.MVC", "AssismentStudent.MVC\AssismentStudent.MVC.csproj", "{AC7BBA64-CF0F-4C03-9CE5-C518AE333114}"
EndProject
Global
	GlobalSection(SolutionConfigurationPlatforms) = preSolution
		Debug|Any CPU = Debug|Any CPU
		Release|Any CPU = Release|Any CPU
	EndGlobalSection
	GlobalSection(ProjectConfigurationPlatforms) = postSolution
		{E601183C-9FEB-4C39-BD26-DC6EFD507BA2}.Debug|Any CPU.ActiveCfg = Debug|Any CPU
		{E601183C-9FEB-4C39-BD26-DC6EFD507BA2}.Debug|Any CPU.Build.0 = Debug|Any CPU
		{E601183C-9FEB-4C39-BD26-DC6EFD507BA2}.Release|Any CPU.ActiveCfg = Release|Any CPU
		{E601183C-9FEB-4C39-BD26-DC6EFD507BA2}.Release|Any CPU.Build.0 = Release|Any CPU
		{5D4767B5-7012-44B5-B7B2-61FD4145DDFB}.Debug|Any CPU.ActiveCfg = Debug|Any CPU
		{5D4767B5-7012-44B5-B7B2-61FD4145DDFB}.Debug|Any CPU.Build.0 = Debug|Any CPU
		{5D4767B5-7012-44B5-B7B2-61FD4145DDFB}.Release|Any CPU.ActiveCfg = Release|Any CPU
		{5D4767B5-7012-44B5-B7B2-61FD4145DDFB}.Release|Any CPU.Build.0 = Release|Any CPU
		{E29A9278-A717-499C-9E0B-CD925624910D}.Debug|Any CPU.ActiveCfg = Debug|Any CPU
		{E29A9278-A717-499C-9E0B-CD925624910D}.Debug|Any CPU.Build.0 = Debug|Any CPU
		{E29A9278-A717-499C-9E0B-CD925624910D}.Release|Any CPU.ActiveCfg = Release|Any CPU
		{E29A9278-A717-499C-9E0B-CD925624910D}.Release|Any CPU.Build.0 = Release|Any CPU
		{ED2CE898-F3EA-42AA-8D48-F92551FF938E}.Debug|Any CPU.ActiveCfg = Debug|Any CPU
		{ED2CE898-F3EA-42AA-8D48-F92551FF938E}.Debug|Any CPU.Build.0 = Debug|Any CPU
		{ED2CE898-F3EA-42AA-8D48-F92551FF938E}.Release|Any CPU.ActiveCfg = Release|Any CPU
		{ED2CE898-F3EA-42AA-8D48-F92551FF938E}.Release|Any CPU.Build.0 = Release|Any CPU
		{F947BA64-FD26-4A10-81AE-2EF018A62FAB}.Debug|Any CPU.ActiveCfg = Debug|Any CPU
		{F947BA64-FD26-4A10-81AE-2EF018A62FAB}.Debug|Any CPU.Build.0 = Debug|Any CPU
		{F947BA64-FD26-4A10-81AE-2EF018A62FAB}.Release|Any CPU.ActiveCfg = Release|Any CPU
		{F947BA64-FD26-4A10-81AE-2EF018A62FAB}.Release|Any CPU.Build.0 = Release|Any CPU
		{AC7BBA64-CF0F-4C03-9CE5-C518AE333114}.Debug|Any CPU.ActiveCfg = Debug|Any CPU
		{AC7BBA64-CF0F-4C03-9CE5-C518AE333114}.Debug|Any CPU.Build.0 = Debug|Any CPU
		{AC7BBA64-CF0F-4C03-9CE5-C518AE333114}.Release|Any CPU.ActiveCfg = Release|Any CPU
		{AC7BBA64-CF0F-4C03-9CE5-C518AE333114}.Release|Any CPU.Build.0 = Release|Any CPU
	EndGlobalSection
	GlobalSection(SolutionProperties) = preSolution
		HideSolutionNode = FALSE
	EndGlobalSection
	GlobalSection(ExtensibilityGlobals) = postSolution
		SolutionGuid = {E5536542-1BD2-4F8A-9912-C90AB27B7DBE}
	EndGlobalSection
EndGlobal
