
Microsoft Visual Studio Solution File, Format Version 12.00
# Visual Studio Version 17
VisualStudioVersion = 17.14.36414.22
MinimumVisualStudioVersion = 10.0.40219.1
Project("{FAE04EC0-301F-11D3-BF4B-00C04F79EFBC}") = "LibraryManagement_Day10", "LibraryManagement_Day10.csproj", "{12302AFE-12C7-414A-92DF-092780993DE1}"
EndProject
Global
	GlobalSection(SolutionConfigurationPlatforms) = preSolution
		Debug|Any CPU = Debug|Any CPU
		Release|Any CPU = Release|Any CPU
	EndGlobalSection
	GlobalSection(ProjectConfigurationPlatforms) = postSolution
		{12302AFE-12C7-414A-92DF-092780993DE1}.Debug|Any CPU.ActiveCfg = Debug|Any CPU
		{12302AFE-12C7-414A-92DF-092780993DE1}.Debug|Any CPU.Build.0 = Debug|Any CPU
		{12302AFE-12C7-414A-92DF-092780993DE1}.Release|Any CPU.ActiveCfg = Release|Any CPU
		{12302AFE-12C7-414A-92DF-092780993DE1}.Release|Any CPU.Build.0 = Release|Any CPU
	EndGlobalSection
	GlobalSection(SolutionProperties) = preSolution
		HideSolutionNode = FALSE
	EndGlobalSection
	GlobalSection(ExtensibilityGlobals) = postSolution
		SolutionGuid = {05287F96-29D3-4207-8E75-D824AF11A0BB}
	EndGlobalSection
EndGlobal
