
Microsoft Visual Studio Solution File, Format Version 12.00
# Visual Studio Version 17
VisualStudioVersion = 17.14.36221.1 d17.14
MinimumVisualStudioVersion = 10.0.40219.1
Project("{FAE04EC0-301F-11D3-BF4B-00C04F79EFBC}") = "internship-batch-7", "internship-batch-7\internship-batch-7.csproj", "{BEFDDE6B-FD0B-4276-B7C6-723C09491EBA}"
EndProject
Global
	GlobalSection(SolutionConfigurationPlatforms) = preSolution
		Debug|Any CPU = Debug|Any CPU
		Release|Any CPU = Release|Any CPU
	EndGlobalSection
	GlobalSection(ProjectConfigurationPlatforms) = postSolution
		{BEFDDE6B-FD0B-4276-B7C6-723C09491EBA}.Debug|Any CPU.ActiveCfg = Debug|Any CPU
		{BEFDDE6B-FD0B-4276-B7C6-723C09491EBA}.Debug|Any CPU.Build.0 = Debug|Any CPU
		{BEFDDE6B-FD0B-4276-B7C6-723C09491EBA}.Release|Any CPU.ActiveCfg = Release|Any CPU
		{BEFDDE6B-FD0B-4276-B7C6-723C09491EBA}.Release|Any CPU.Build.0 = Release|Any CPU
	EndGlobalSection
	GlobalSection(SolutionProperties) = preSolution
		HideSolutionNode = FALSE
	EndGlobalSection
	GlobalSection(ExtensibilityGlobals) = postSolution
		SolutionGuid = {47790123-8A53-4CEC-8DE6-F962601098DE}
	EndGlobalSection
EndGlobal
