
Microsoft Visual Studio Solution File, Format Version 12.00
# Visual Studio Version 17
VisualStudioVersion = 17.14.36221.1 d17.14
MinimumVisualStudioVersion = 10.0.40219.1
Project("{FAE04EC0-301F-11D3-BF4B-00C04F79EFBC}") = "assignment_four", "assignment_four\assignment_four.csproj", "{F3F98605-1723-4922-956B-A06DE558875E}"
EndProject
Global
	GlobalSection(SolutionConfigurationPlatforms) = preSolution
		Debug|Any CPU = Debug|Any CPU
		Release|Any CPU = Release|Any CPU
	EndGlobalSection
	GlobalSection(ProjectConfigurationPlatforms) = postSolution
		{F3F98605-1723-4922-956B-A06DE558875E}.Debug|Any CPU.ActiveCfg = Debug|Any CPU
		{F3F98605-1723-4922-956B-A06DE558875E}.Debug|Any CPU.Build.0 = Debug|Any CPU
		{F3F98605-1723-4922-956B-A06DE558875E}.Release|Any CPU.ActiveCfg = Release|Any CPU
		{F3F98605-1723-4922-956B-A06DE558875E}.Release|Any CPU.Build.0 = Release|Any CPU
	EndGlobalSection
	GlobalSection(SolutionProperties) = preSolution
		HideSolutionNode = FALSE
	EndGlobalSection
	GlobalSection(ExtensibilityGlobals) = postSolution
		SolutionGuid = {4B542CF0-6F5C-4ACC-8E8B-B3C124A14C57}
	EndGlobalSection
EndGlobal
